
Microsoft Visual Studio Solution File, Format Version 12.00
# Visual Studio Version 17
VisualStudioVersion = 17.0.31903.59
MinimumVisualStudioVersion = 10.0.40219.1
Project("{FAE04EC0-301F-11D3-BF4B-00C04F79EFBC}") = "Research", "Research\Research.csproj", "{AC708C41-F285-4847-91C9-DD6B8CB3CEE6}"
EndProject
Project("{FAE04EC0-301F-11D3-BF4B-00C04F79EFBC}") = "App", "App\App.csproj", "{A593CEE0-72B6-4543-B11E-7877A7913DF7}"
EndProject
Project("{FAE04EC0-301F-11D3-BF4B-00C04F79EFBC}") = "ResearchTests", "ResearchTests\ResearchTests.csproj", "{CD656DC7-CF5D-44AA-82DE-25C487C6951B}"
EndProject
Global
	GlobalSection(SolutionConfigurationPlatforms) = preSolution
		Debug|Any CPU = Debug|Any CPU
		Release|Any CPU = Release|Any CPU
	EndGlobalSection
	GlobalSection(SolutionProperties) = preSolution
		HideSolutionNode = FALSE
	EndGlobalSection
	GlobalSection(ProjectConfigurationPlatforms) = postSolution
		{AC708C41-F285-4847-91C9-DD6B8CB3CEE6}.Debug|Any CPU.ActiveCfg = Debug|Any CPU
		{AC708C41-F285-4847-91C9-DD6B8CB3CEE6}.Debug|Any CPU.Build.0 = Debug|Any CPU
		{AC708C41-F285-4847-91C9-DD6B8CB3CEE6}.Release|Any CPU.ActiveCfg = Release|Any CPU
		{AC708C41-F285-4847-91C9-DD6B8CB3CEE6}.Release|Any CPU.Build.0 = Release|Any CPU
		{A593CEE0-72B6-4543-B11E-7877A7913DF7}.Debug|Any CPU.ActiveCfg = Debug|Any CPU
		{A593CEE0-72B6-4543-B11E-7877A7913DF7}.Debug|Any CPU.Build.0 = Debug|Any CPU
		{A593CEE0-72B6-4543-B11E-7877A7913DF7}.Release|Any CPU.ActiveCfg = Release|Any CPU
		{A593CEE0-72B6-4543-B11E-7877A7913DF7}.Release|Any CPU.Build.0 = Release|Any CPU
		{CD656DC7-CF5D-44AA-82DE-25C487C6951B}.Debug|Any CPU.ActiveCfg = Debug|Any CPU
		{CD656DC7-CF5D-44AA-82DE-25C487C6951B}.Debug|Any CPU.Build.0 = Debug|Any CPU
		{CD656DC7-CF5D-44AA-82DE-25C487C6951B}.Release|Any CPU.ActiveCfg = Release|Any CPU
		{CD656DC7-CF5D-44AA-82DE-25C487C6951B}.Release|Any CPU.Build.0 = Release|Any CPU
	EndGlobalSection
EndGlobal
